
Microsoft Visual Studio Solution File, Format Version 12.00
# Visual Studio Version 17
VisualStudioVersion = 17.5.33516.290
MinimumVisualStudioVersion = 10.0.40219.1
Project("{8BC9CEB8-8B4A-11D0-8D11-00A0C91BC942}") = "BookBuddy", "BookBuddy\BookBuddy.vcxproj", "{2F3B1AF0-CA80-440C-9A0A-8CD2081E3F54}"
EndProject
Global
	GlobalSection(SolutionConfigurationPlatforms) = preSolution
		Debug|x64 = Debug|x64
		Debug|x86 = Debug|x86
		Release|x64 = Release|x64
		Release|x86 = Release|x86
	EndGlobalSection
	GlobalSection(ProjectConfigurationPlatforms) = postSolution
		{2F3B1AF0-CA80-440C-9A0A-8CD2081E3F54}.Debug|x64.ActiveCfg = Debug|x64
		{2F3B1AF0-CA80-440C-9A0A-8CD2081E3F54}.Debug|x64.Build.0 = Debug|x64
		{2F3B1AF0-CA80-440C-9A0A-8CD2081E3F54}.Debug|x86.ActiveCfg = Debug|Win32
		{2F3B1AF0-CA80-440C-9A0A-8CD2081E3F54}.Debug|x86.Build.0 = Debug|Win32
		{2F3B1AF0-CA80-440C-9A0A-8CD2081E3F54}.Release|x64.ActiveCfg = Release|x64
		{2F3B1AF0-CA80-440C-9A0A-8CD2081E3F54}.Release|x64.Build.0 = Release|x64
		{2F3B1AF0-CA80-440C-9A0A-8CD2081E3F54}.Release|x86.ActiveCfg = Release|Win32
		{2F3B1AF0-CA80-440C-9A0A-8CD2081E3F54}.Release|x86.Build.0 = Release|Win32
	EndGlobalSection
	GlobalSection(SolutionProperties) = preSolution
		HideSolutionNode = FALSE
	EndGlobalSection
	GlobalSection(ExtensibilityGlobals) = postSolution
		SolutionGuid = {7BDC189E-BD8B-454A-834A-8EAD6DFA02C0}
	EndGlobalSection
EndGlobal
